
Microsoft Visual Studio Solution File, Format Version 12.00
# Visual Studio Version 16
VisualStudioVersion = 16.0.29613.14
MinimumVisualStudioVersion = 10.0.40219.1
Project("{FAE04EC0-301F-11D3-BF4B-00C04F79EFBC}") = "SerializerLib", "SerializerLib\SerializerLib.csproj", "{6E627AD4-6717-4905-B4FA-18914DA688EB}"
EndProject
Global
	GlobalSection(SolutionConfigurationPlatforms) = preSolution
		Debug|Any CPU = Debug|Any CPU
		Release|Any CPU = Release|Any CPU
	EndGlobalSection
	GlobalSection(ProjectConfigurationPlatforms) = postSolution
		{6E627AD4-6717-4905-B4FA-18914DA688EB}.Debug|Any CPU.ActiveCfg = Debug|Any CPU
		{6E627AD4-6717-4905-B4FA-18914DA688EB}.Debug|Any CPU.Build.0 = Debug|Any CPU
		{6E627AD4-6717-4905-B4FA-18914DA688EB}.Release|Any CPU.ActiveCfg = Release|Any CPU
		{6E627AD4-6717-4905-B4FA-18914DA688EB}.Release|Any CPU.Build.0 = Release|Any CPU
	EndGlobalSection
	GlobalSection(SolutionProperties) = preSolution
		HideSolutionNode = FALSE
	EndGlobalSection
	GlobalSection(ExtensibilityGlobals) = postSolution
		SolutionGuid = {14C15439-C5A2-4432-9F75-EC981809AA58}
	EndGlobalSection
EndGlobal
